
Microsoft Visual Studio Solution File, Format Version 12.00
# Visual Studio Version 17
VisualStudioVersion = 17.11.35312.102
MinimumVisualStudioVersion = 10.0.40219.1
Project("{2150E333-8FDC-42A3-9474-1A3956D46DE8}") = "Core", "Core", "{53B1F1B1-B06F-4BC8-9783-F140FED8EC15}"
EndProject
Project("{2150E333-8FDC-42A3-9474-1A3956D46DE8}") = "Infrastructure", "Infrastructure", "{E9EC1D8D-E03D-4E43-9619-FA4BCD388B76}"
EndProject
Project("{2150E333-8FDC-42A3-9474-1A3956D46DE8}") = "Presentation", "Presentation", "{156470C6-8F21-4930-B08D-2A5D67A2B6F4}"
EndProject
Project("{FAE04EC0-301F-11D3-BF4B-00C04F79EFBC}") = "CalismaApi.Application", "Core\CalismaApi.Application\CalismaApi.Application.csproj", "{217BBEC2-1770-4B81-974B-8DEDAE2EA236}"
EndProject
Project("{FAE04EC0-301F-11D3-BF4B-00C04F79EFBC}") = "CalismaApi.Domain", "Core\CalismaApi.Domain\CalismaApi.Domain.csproj", "{45997278-36B9-4F75-9513-93BDB10E709E}"
EndProject
Project("{FAE04EC0-301F-11D3-BF4B-00C04F79EFBC}") = "CalismaApi.Api", "Presentation\CalismaApi.Api\CalismaApi.Api.csproj", "{9F137AC0-E2F9-4DFB-A7ED-FF2E2D27568E}"
EndProject
Project("{FAE04EC0-301F-11D3-BF4B-00C04F79EFBC}") = "CalismaApi.Infrastructure", "Infrastructure\CalismaApi.Infrastructure\CalismaApi.Infrastructure\CalismaApi.Infrastructure.csproj", "{0F763D6B-04E7-45A4-95AA-39A54D87055F}"
EndProject
Project("{FAE04EC0-301F-11D3-BF4B-00C04F79EFBC}") = "CalismaApiPersistence", "Infrastructure\CalismaApiPersistence\CalismaApiPersistence.csproj", "{7B72DE69-2F43-477D-A1C1-F0EE0D7B3496}"
EndProject
Global
	GlobalSection(SolutionConfigurationPlatforms) = preSolution
		Debug|Any CPU = Debug|Any CPU
		Release|Any CPU = Release|Any CPU
	EndGlobalSection
	GlobalSection(ProjectConfigurationPlatforms) = postSolution
		{217BBEC2-1770-4B81-974B-8DEDAE2EA236}.Debug|Any CPU.ActiveCfg = Debug|Any CPU
		{217BBEC2-1770-4B81-974B-8DEDAE2EA236}.Debug|Any CPU.Build.0 = Debug|Any CPU
		{217BBEC2-1770-4B81-974B-8DEDAE2EA236}.Release|Any CPU.ActiveCfg = Release|Any CPU
		{217BBEC2-1770-4B81-974B-8DEDAE2EA236}.Release|Any CPU.Build.0 = Release|Any CPU
		{45997278-36B9-4F75-9513-93BDB10E709E}.Debug|Any CPU.ActiveCfg = Debug|Any CPU
		{45997278-36B9-4F75-9513-93BDB10E709E}.Debug|Any CPU.Build.0 = Debug|Any CPU
		{45997278-36B9-4F75-9513-93BDB10E709E}.Release|Any CPU.ActiveCfg = Release|Any CPU
		{45997278-36B9-4F75-9513-93BDB10E709E}.Release|Any CPU.Build.0 = Release|Any CPU
		{9F137AC0-E2F9-4DFB-A7ED-FF2E2D27568E}.Debug|Any CPU.ActiveCfg = Debug|Any CPU
		{9F137AC0-E2F9-4DFB-A7ED-FF2E2D27568E}.Debug|Any CPU.Build.0 = Debug|Any CPU
		{9F137AC0-E2F9-4DFB-A7ED-FF2E2D27568E}.Release|Any CPU.ActiveCfg = Release|Any CPU
		{9F137AC0-E2F9-4DFB-A7ED-FF2E2D27568E}.Release|Any CPU.Build.0 = Release|Any CPU
		{0F763D6B-04E7-45A4-95AA-39A54D87055F}.Debug|Any CPU.ActiveCfg = Debug|Any CPU
		{0F763D6B-04E7-45A4-95AA-39A54D87055F}.Debug|Any CPU.Build.0 = Debug|Any CPU
		{0F763D6B-04E7-45A4-95AA-39A54D87055F}.Release|Any CPU.ActiveCfg = Release|Any CPU
		{0F763D6B-04E7-45A4-95AA-39A54D87055F}.Release|Any CPU.Build.0 = Release|Any CPU
		{7B72DE69-2F43-477D-A1C1-F0EE0D7B3496}.Debug|Any CPU.ActiveCfg = Debug|Any CPU
		{7B72DE69-2F43-477D-A1C1-F0EE0D7B3496}.Debug|Any CPU.Build.0 = Debug|Any CPU
		{7B72DE69-2F43-477D-A1C1-F0EE0D7B3496}.Release|Any CPU.ActiveCfg = Release|Any CPU
		{7B72DE69-2F43-477D-A1C1-F0EE0D7B3496}.Release|Any CPU.Build.0 = Release|Any CPU
	EndGlobalSection
	GlobalSection(SolutionProperties) = preSolution
		HideSolutionNode = FALSE
	EndGlobalSection
	GlobalSection(NestedProjects) = preSolution
		{217BBEC2-1770-4B81-974B-8DEDAE2EA236} = {53B1F1B1-B06F-4BC8-9783-F140FED8EC15}
		{45997278-36B9-4F75-9513-93BDB10E709E} = {53B1F1B1-B06F-4BC8-9783-F140FED8EC15}
		{9F137AC0-E2F9-4DFB-A7ED-FF2E2D27568E} = {156470C6-8F21-4930-B08D-2A5D67A2B6F4}
		{0F763D6B-04E7-45A4-95AA-39A54D87055F} = {E9EC1D8D-E03D-4E43-9619-FA4BCD388B76}
		{7B72DE69-2F43-477D-A1C1-F0EE0D7B3496} = {E9EC1D8D-E03D-4E43-9619-FA4BCD388B76}
	EndGlobalSection
	GlobalSection(ExtensibilityGlobals) = postSolution
		SolutionGuid = {B6117227-B187-4339-A50E-CC2DEC555917}
	EndGlobalSection
EndGlobal
